uuid: 1974bf27-210a-47c6-ab46-8d6336524b2e
langcode: en
status: true
dependencies:
  module:
    - system
    - towerhealth_misc
  theme:
    - tower_health
id: locationheroblock
theme: tower_health
region: page_header
weight: -14
provider: null
plugin: location_hero_block
settings:
  id: location_hero_block
  label: 'Search Locations'
  provider: towerhealth_misc
  label_display: visible
visibility:
  request_path:
    id: request_path
    pages: "/locations\r\n/locations*"
    negate: false
    context_mapping: {  }
