uuid: 5ce4221f-57c5-414b-ab69-7d58ca3f2b83
langcode: en
status: true
dependencies:
  module:
    - system
    - towerhealth_misc
  theme:
    - tower_health
id: provider_hero_block
theme: tower_health
region: page_header
weight: 0
provider: null
plugin: provider_hero_block
settings:
  id: provider_hero_block
  label: 'Find a Provider'
  provider: towerhealth_misc
  label_display: visible
visibility:
  request_path:
    id: request_path
    pages: /providers
    negate: false
    context_mapping: {  }
