uuid: b3f50874-52b0-4979-8e46-0850fdb12a29
langcode: en
status: true
dependencies:
  module:
    - block_visibility_conditions
    - system
    - towerhealth_misc
  theme:
    - tower_health
id: search_filter_block
theme: tower_health
region: page_filters
weight: 0
provider: null
plugin: search_filter_block
settings:
  id: search_filter_block
  label: 'Search Filter Block'
  provider: towerhealth_misc
  label_display: '0'
visibility:
  not_node_type:
    id: not_node_type
    bundles: {  }
    negate: null
    context_mapping: {  }
  request_path:
    id: request_path
    pages: /search
    negate: false
    context_mapping: {  }
