label: "Hours"
text: "Hours may be affected by holidays"
hours:
  - title: "Monday:"
    hours: "8 a.m. - 5 p.m."
  - title: "Tuesday:"
    hours: "8 a.m. - 5 p.m."
  - title: "Wednesday:"
    hours: "8 a.m. - 5 p.m."
  - title: "Thursday:"
    hours: "8 a.m. - 5 p.m."
  - title: "Friday:"
    hours: "12 p.m. - 8 p.m."
  - title: "Saturday:"
    hours: "8 a.m. - 8 p.m."
  - title: "Sunday:"
    hours: "Closed"
